// !$*UTF8*$!
{
	archiveVersion = 1;
	classes = {
	};
	objectVersion = 48;
	objects = {

/* Begin PBXBuildFile section */
		819E3DDE1FC0E235008953D1 /* AppDelegate.swift in Sources */ = {isa = PBXBuildFile; fileRef = 819E3DDD1FC0E235008953D1 /* AppDelegate.swift */; };
		819E3DE01FC0E235008953D1 /* ViewController.swift in Sources */ = {isa = PBXBuildFile; fileRef = 819E3DDF1FC0E235008953D1 /* ViewController.swift */; };
		819E3DE31FC0E235008953D1 /* Main.storyboard in Resources */ = {isa = PBXBuildFile; fileRef = 819E3DE11FC0E235008953D1 /* Main.storyboard */; };
		819E3DE51FC0E235008953D1 /* Assets.xcassets in Resources */ = {isa = PBXBuildFile; fileRef = 819E3DE41FC0E235008953D1 /* Assets.xcassets */; };
		819E3DE81FC0E235008953D1 /* LaunchScreen.storyboard in Resources */ = {isa = PBXBuildFile; fileRef = 819E3DE61FC0E235008953D1 /* LaunchScreen.storyboard */; };
		819E3DF31FC0E236008953D1 /* bella_iOSTests.swift in Sources */ = {isa = PBXBuildFile; fileRef = 819E3DF21FC0E236008953D1 /* bella_iOSTests.swift */; };
		819E3DFE1FC0E236008953D1 /* bella_iOSUITests.swift in Sources */ = {isa = PBXBuildFile; fileRef = 819E3DFD1FC0E236008953D1 /* bella_iOSUITests.swift */; };
/* End PBXBuildFile section */

/* Begin PBXContainerItemProxy section */
		819E3DEF1FC0E236008953D1 /* PBXContainerItemProxy */ = {
			isa = PBXContainerItemProxy;
			containerPortal = 819E3DD21FC0E235008953D1 /* Project object */;
			proxyType = 1;
			remoteGlobalIDString = 819E3DD91FC0E235008953D1;
			remoteInfo = bella_iOS;
		};
		819E3DFA1FC0E236008953D1 /* PBXContainerItemProxy */ = {
			isa = PBXContainerItemProxy;
			containerPortal = 819E3DD21FC0E235008953D1 /* Project object */;
			proxyType = 1;
			remoteGlobalIDString = 819E3DD91FC0E235008953D1;
			remoteInfo = bella_iOS;
		};
/* End PBXContainerItemProxy section */

/* Begin PBXFileReference section */
		819E3DDA1FC0E235008953D1 /* bella_iOS.app */ = {isa = PBXFileReference; explicitFileType = wrapper.application; includeInIndex = 0; path = bella_iOS.app; sourceTree = BUILT_PRODUCTS_DIR; };
		819E3DDD1FC0E235008953D1 /* AppDelegate.swift */ = {isa = PBXFileReference; lastKnownFileType = sourcecode.swift; path = AppDelegate.swift; sourceTree = "<group>"; };
		819E3DDF1FC0E235008953D1 /* ViewController.swift */ = {isa = PBXFileReference; lastKnownFileType = sourcecode.swift; path = ViewController.swift; sourceTree = "<group>"; };
		819E3DE21FC0E235008953D1 /* Base */ = {isa = PBXFileReference; lastKnownFileType = file.storyboard; name = Base; path = Base.lproj/Main.storyboard; sourceTree = "<group>"; };
		819E3DE41FC0E235008953D1 /* Assets.xcassets */ = {isa = PBXFileReference; lastKnownFileType = folder.assetcatalog; path = Assets.xcassets; sourceTree = "<group>"; };
		819E3DE71FC0E235008953D1 /* Base */ = {isa = PBXFileReference; lastKnownFileType = file.storyboard; name = Base; path = Base.lproj/LaunchScreen.storyboard; sourceTree = "<group>"; };
		819E3DE91FC0E235008953D1 /* Info.plist */ = {isa = PBXFileReference; lastKnownFileType = text.plist.xml; path = Info.plist; sourceTree = "<group>"; };
		819E3DEE1FC0E236008953D1 /* bella_iOSTests.xctest */ = {isa = PBXFileReference; explicitFileType = wrapper.cfbundle; includeInIndex = 0; path = bella_iOSTests.xctest; sourceTree = BUILT_PRODUCTS_DIR; };
		819E3DF21FC0E236008953D1 /* bella_iOSTests.swift */ = {isa = PBXFileReference; lastKnownFileType = sourcecode.swift; path = bella_iOSTests.swift; sourceTree = "<group>"; };
		819E3DF41FC0E236008953D1 /* Info.plist */ = {isa = PBXFileReference; lastKnownFileType = text.plist.xml; path = Info.plist; sourceTree = "<group>"; };
		819E3DF91FC0E236008953D1 /* bella_iOSUITests.xctest */ = {isa = PBXFileReference; explicitFileType = wrapper.cfbundle; includeInIndex = 0; path = bella_iOSUITests.xctest; sourceTree = BUILT_PRODUCTS_DIR; };
		819E3DFD1FC0E236008953D1 /* bella_iOSUITests.swift */ = {isa = PBXFileReference; lastKnownFileType = sourcecode.swift; path = bella_iOSUITests.swift; sourceTree = "<group>"; };
		819E3DFF1FC0E236008953D1 /* Info.plist */ = {isa = PBXFileReference; lastKnownFileType = text.plist.xml; path = Info.plist; sourceTree = "<group>"; };
/* End PBXFileReference section */

/* Begin PBXFrameworksBuildPhase section */
		819E3DD71FC0E235008953D1 /* Frameworks */ = {
			isa = PBXFrameworksBuildPhase;
			buildActionMask = 2147483647;
			files = (
			);
			runOnlyForDeploymentPostprocessing = 0;
		};
		819E3DEB1FC0E236008953D1 /* Frameworks */ = {
			isa = PBXFrameworksBuildPhase;
			buildActionMask = 2147483647;
			files = (
			);
			runOnlyForDeploymentPostprocessing = 0;
		};
		819E3DF61FC0E236008953D1 /* Frameworks */ = {
			isa = PBXFrameworksBuildPhase;
			buildActionMask = 2147483647;
			files = (
			);
			runOnlyForDeploymentPostprocessing = 0;
		};
/* End PBXFrameworksBuildPhase section */

/* Begin PBXGroup section */
		819E3DD11FC0E235008953D1 = {
			isa = PBXGroup;
			children = (
				819E3DDC1FC0E235008953D1 /* bella_iOS */,
				819E3DF11FC0E236008953D1 /* bella_iOSTests */,
				819E3DFC1FC0E236008953D1 /* bella_iOSUITests */,
				819E3DDB1FC0E235008953D1 /* Products */,
			);
			sourceTree = "<group>";
		};
		819E3DDB1FC0E235008953D1 /* Products */ = {
			isa = PBXGroup;
			children = (
				819E3DDA1FC0E235008953D1 /* bella_iOS.app */,
				819E3DEE1FC0E236008953D1 /* bella_iOSTests.xctest */,
				819E3DF91FC0E236008953D1 /* bella_iOSUITests.xctest */,
			);
			name = Products;
			sourceTree = "<group>";
		};
		819E3DDC1FC0E235008953D1 /* bella_iOS */ = {
			isa = PBXGroup;
			children = (
				819E3DDD1FC0E235008953D1 /* AppDelegate.swift */,
				819E3DDF1FC0E235008953D1 /* ViewController.swift */,
				819E3DE11FC0E235008953D1 /* Main.storyboard */,
				819E3DE41FC0E235008953D1 /* Assets.xcassets */,
				819E3DE61FC0E235008953D1 /* LaunchScreen.storyboard */,
				819E3DE91FC0E235008953D1 /* Info.plist */,
			);
			path = bella_iOS;
			sourceTree = "<group>";
		};
		819E3DF11FC0E236008953D1 /* bella_iOSTests */ = {
			isa = PBXGroup;
			children = (
				819E3DF21FC0E236008953D1 /* bella_iOSTests.swift */,
				819E3DF41FC0E236008953D1 /* Info.plist */,
			);
			path = bella_iOSTests;
			sourceTree = "<group>";
		};
		819E3DFC1FC0E236008953D1 /* bella_iOSUITests */ = {
			isa = PBXGroup;
			children = (
				819E3DFD1FC0E236008953D1 /* bella_iOSUITests.swift */,
				819E3DFF1FC0E236008953D1 /* Info.plist */,
			);
			path = bella_iOSUITests;
			sourceTree = "<group>";
		};
/* End PBXGroup section */

/* Begin PBXNativeTarget section */
		819E3DD91FC0E235008953D1 /* bella_iOS */ = {
			isa = PBXNativeTarget;
			buildConfigurationList = 819E3E021FC0E236008953D1 /* Build configuration list for PBXNativeTarget "bella_iOS" */;
			buildPhases = (
				819E3DD61FC0E235008953D1 /* Sources */,
				819E3DD71FC0E235008953D1 /* Frameworks */,
				819E3DD81FC0E235008953D1 /* Resources */,
			);
			buildRules = (
			);
			dependencies = (
			);
			name = bella_iOS;
			productName = bella_iOS;
			productReference = 819E3DDA1FC0E235008953D1 /* bella_iOS.app */;
			productType = "com.apple.product-type.application";
		};
		819E3DED1FC0E236008953D1 /* bella_iOSTests */ = {
			isa = PBXNativeTarget;
			buildConfigurationList = 819E3E051FC0E236008953D1 /* Build configuration list for PBXNativeTarget "bella_iOSTests" */;
			buildPhases = (
				819E3DEA1FC0E236008953D1 /* Sources */,
				819E3DEB1FC0E236008953D1 /* Frameworks */,
				819E3DEC1FC0E236008953D1 /* Resources */,
			);
			buildRules = (
			);
			dependencies = (
				819E3DF01FC0E236008953D1 /* PBXTargetDependency */,
			);
			name = bella_iOSTests;
			productName = bella_iOSTests;
			productReference = 819E3DEE1FC0E236008953D1 /* bella_iOSTests.xctest */;
			productType = "com.apple.product-type.bundle.unit-test";
		};
		819E3DF81FC0E236008953D1 /* bella_iOSUITests */ = {
			isa = PBXNativeTarget;
			buildConfigurationList = 819E3E081FC0E236008953D1 /* Build configuration list for PBXNativeTarget "bella_iOSUITests" */;
			buildPhases = (
				819E3DF51FC0E236008953D1 /* Sources */,
				819E3DF61FC0E236008953D1 /* Frameworks */,
				819E3DF71FC0E236008953D1 /* Resources */,
			);
			buildRules = (
			);
			dependencies = (
				819E3DFB1FC0E236008953D1 /* PBXTargetDependency */,
			);
			name = bella_iOSUITests;
			productName = bella_iOSUITests;
			productReference = 819E3DF91FC0E236008953D1 /* bella_iOSUITests.xctest */;
			productType = "com.apple.product-type.bundle.ui-testing";
		};
/* End PBXNativeTarget section */

/* Begin PBXProject section */
		819E3DD21FC0E235008953D1 /* Project object */ = {
			isa = PBXProject;
			attributes = {
				LastSwiftUpdateCheck = 0910;
				LastUpgradeCheck = 0910;
				ORGANIZATIONNAME = friends.friends.friends;
				TargetAttributes = {
					819E3DD91FC0E235008953D1 = {
						CreatedOnToolsVersion = 9.1;
						ProvisioningStyle = Automatic;
					};
					819E3DED1FC0E236008953D1 = {
						CreatedOnToolsVersion = 9.1;
						ProvisioningStyle = Automatic;
						TestTargetID = 819E3DD91FC0E235008953D1;
					};
					819E3DF81FC0E236008953D1 = {
						CreatedOnToolsVersion = 9.1;
						ProvisioningStyle = Automatic;
						TestTargetID = 819E3DD91FC0E235008953D1;
					};
				};
			};
			buildConfigurationList = 819E3DD51FC0E235008953D1 /* Build configuration list for PBXProject "bella_iOS" */;
			compatibilityVersion = "Xcode 8.0";
			developmentRegion = en;
			hasScannedForEncodings = 0;
			knownRegions = (
				en,
				Base,
			);
			mainGroup = 819E3DD11FC0E235008953D1;
			productRefGroup = 819E3DDB1FC0E235008953D1 /* Products */;
			projectDirPath = "";
			projectRoot = "";
			targets = (
				819E3DD91FC0E235008953D1 /* bella_iOS */,
				819E3DED1FC0E236008953D1 /* bella_iOSTests */,
				819E3DF81FC0E236008953D1 /* bella_iOSUITests */,
			);
		};
/* End PBXProject section */

/* Begin PBXResourcesBuildPhase section */
		819E3DD81FC0E235008953D1 /* Resources */ = {
			isa = PBXResourcesBuildPhase;
			buildActionMask = 2147483647;
			files = (
				819E3DE81FC0E235008953D1 /* LaunchScreen.storyboard in Resources */,
				819E3DE51FC0E235008953D1 /* Assets.xcassets in Resources */,
				819E3DE31FC0E235008953D1 /* Main.storyboard in Resources */,
			);
			runOnlyForDeploymentPostprocessing = 0;
		};
		819E3DEC1FC0E236008953D1 /* Resources */ = {
			isa = PBXResourcesBuildPhase;
			buildActionMask = 2147483647;
			files = (
			);
			runOnlyForDeploymentPostprocessing = 0;
		};
		819E3DF71FC0E236008953D1 /* Resources */ = {
			isa = PBXResourcesBuildPhase;
			buildActionMask = 2147483647;
			files = (
			);
			runOnlyForDeploymentPostprocessing = 0;
		};
/* End PBXResourcesBuildPhase section */

/* Begin PBXSourcesBuildPhase section */
		819E3DD61FC0E235008953D1 /* Sources */ = {
			isa = PBXSourcesBuildPhase;
			buildActionMask = 2147483647;
			files = (
				819E3DE01FC0E235008953D1 /* ViewController.swift in Sources */,
				819E3DDE1FC0E235008953D1 /* AppDelegate.swift in Sources */,
			);
			runOnlyForDeploymentPostprocessing = 0;
		};
		819E3DEA1FC0E236008953D1 /* Sources */ = {
			isa = PBXSourcesBuildPhase;
			buildActionMask = 2147483647;
			files = (
				819E3DF31FC0E236008953D1 /* bella_iOSTests.swift in Sources */,
			);
			runOnlyForDeploymentPostprocessing = 0;
		};
		819E3DF51FC0E236008953D1 /* Sources */ = {
			isa = PBXSourcesBuildPhase;
			buildActionMask = 2147483647;
			files = (
				819E3DFE1FC0E236008953D1 /* bella_iOSUITests.swift in Sources */,
			);
			runOnlyForDeploymentPostprocessing = 0;
		};
/* End PBXSourcesBuildPhase section */

/* Begin PBXTargetDependency section */
		819E3DF01FC0E236008953D1 /* PBXTargetDependency */ = {
			isa = PBXTargetDependency;
			target = 819E3DD91FC0E235008953D1 /* bella_iOS */;
			targetProxy = 819E3DEF1FC0E236008953D1 /* PBXContainerItemProxy */;
		};
		819E3DFB1FC0E236008953D1 /* PBXTargetDependency */ = {
			isa = PBXTargetDependency;
			target = 819E3DD91FC0E235008953D1 /* bella_iOS */;
			targetProxy = 819E3DFA1FC0E236008953D1 /* PBXContainerItemProxy */;
		};
/* End PBXTargetDependency section */

/* Begin PBXVariantGroup section */
		819E3DE11FC0E235008953D1 /* Main.storyboard */ = {
			isa = PBXVariantGroup;
			children = (
				819E3DE21FC0E235008953D1 /* Base */,
			);
			name = Main.storyboard;
			sourceTree = "<group>";
		};
		819E3DE61FC0E235008953D1 /* LaunchScreen.storyboard */ = {
			isa = PBXVariantGroup;
			children = (
				819E3DE71FC0E235008953D1 /* Base */,
			);
			name = LaunchScreen.storyboard;
			sourceTree = "<group>";
		};
/* End PBXVariantGroup section */

/* Begin XCBuildConfiguration section */
		819E3E001FC0E236008953D1 /* Debug */ = {
			isa = XCBuildConfiguration;
			buildSettings = {
				ALWAYS_SEARCH_USER_PATHS = NO;
				CLANG_ANALYZER_NONNULL = YES;
				CLANG_ANALYZER_NUMBER_OBJECT_CONVERSION = YES_AGGRESSIVE;
				CLANG_CXX_LANGUAGE_STANDARD = "gnu++14";
				CLANG_CXX_LIBRARY = "libc++";
				CLANG_ENABLE_MODULES = YES;
				CLANG_ENABLE_OBJC_ARC = YES;
				CLANG_WARN_BLOCK_CAPTURE_AUTORELEASING = YES;
				CLANG_WARN_BOOL_CONVERSION = YES;
				CLANG_WARN_COMMA = YES;
				CLANG_WARN_CONSTANT_CONVERSION = YES;
				CLANG_WARN_DIRECT_OBJC_ISA_USAGE = YES_ERROR;
				CLANG_WARN_DOCUMENTATION_COMMENTS = YES;
				CLANG_WARN_EMPTY_BODY = YES;
				CLANG_WARN_ENUM_CONVERSION = YES;
				CLANG_WARN_INFINITE_RECURSION = YES;
				CLANG_WARN_INT_CONVERSION = YES;
				CLANG_WARN_NON_LITERAL_NULL_CONVERSION = YES;
				CLANG_WARN_OBJC_LITERAL_CONVERSION = YES;
				CLANG_WARN_OBJC_ROOT_CLASS = YES_ERROR;
				CLANG_WARN_RANGE_LOOP_ANALYSIS = YES;
				CLANG_WARN_STRICT_PROTOTYPES = YES;
				CLANG_WARN_SUSPICIOUS_MOVE = YES;
				CLANG_WARN_UNGUARDED_AVAILABILITY = YES_AGGRESSIVE;
				CLANG_WARN_UNREACHABLE_CODE = YES;
				CLANG_WARN__DUPLICATE_METHOD_MATCH = YES;
				CODE_SIGN_IDENTITY = "iPhone Developer";
				COPY_PHASE_STRIP = NO;
				DEBUG_INFORMATION_FORMAT = dwarf;
				ENABLE_STRICT_OBJC_MSGSEND = YES;
				ENABLE_TESTABILITY = YES;
				GCC_C_LANGUAGE_STANDARD = gnu11;
				GCC_DYNAMIC_NO_PIC = NO;
				GCC_NO_COMMON_BLOCKS = YES;
				GCC_OPTIMIZATION_LEVEL = 0;
				GCC_PREPROCESSOR_DEFINITIONS = (
					"DEBUG=1",
					"$(inherited)",
				);
				GCC_WARN_64_TO_32_BIT_CONVERSION = YES;
				GCC_WARN_ABOUT_RETURN_TYPE = YES_ERROR;
				GCC_WARN_UNDECLARED_SELECTOR = YES;
				GCC_WARN_UNINITIALIZED_AUTOS = YES_AGGRESSIVE;
				GCC_WARN_UNUSED_FUNCTION = YES;
				GCC_WARN_UNUSED_VARIABLE = YES;
				IPHONEOS_DEPLOYMENT_TARGET = 11.1;
				MTL_ENABLE_DEBUG_INFO = YES;
				ONLY_ACTIVE_ARCH = YES;
				SDKROOT = iphoneos;
				SWIFT_ACTIVE_COMPILATION_CONDITIONS = DEBUG;
				SWIFT_OPTIMIZATION_LEVEL = "-Onone";
			};
			name = Debug;
		};
		819E3E011FC0E236008953D1 /* Release */ = {
			isa = XCBuildConfiguration;
			buildSettings = {
				ALWAYS_SEARCH_USER_PATHS = NO;
				CLANG_ANALYZER_NONNULL = YES;
				CLANG_ANALYZER_NUMBER_OBJECT_CONVERSION = YES_AGGRESSIVE;
				CLANG_CXX_LANGUAGE_STANDARD = "gnu++14";
				CLANG_CXX_LIBRARY = "libc++";
				CLANG_ENABLE_MODULES = YES;
				CLANG_ENABLE_OBJC_ARC = YES;
				CLANG_WARN_BLOCK_CAPTURE_AUTORELEASING = YES;
				CLANG_WARN_BOOL_CONVERSION = YES;
				CLANG_WARN_COMMA = YES;
				CLANG_WARN_CONSTANT_CONVERSION = YES;
				CLANG_WARN_DIRECT_OBJC_ISA_USAGE = YES_ERROR;
				CLANG_WARN_DOCUMENTATION_COMMENTS = YES;
				CLANG_WARN_EMPTY_BODY = YES;
				CLANG_WARN_ENUM_CONVERSION = YES;
				CLANG_WARN_INFINITE_RECURSION = YES;
				CLANG_WARN_INT_CONVERSION = YES;
				CLANG_WARN_NON_LITERAL_NULL_CONVERSION = YES;
				CLANG_WARN_OBJC_LITERAL_CONVERSION = YES;
				CLANG_WARN_OBJC_ROOT_CLASS = YES_ERROR;
				CLANG_WARN_RANGE_LOOP_ANALYSIS = YES;
				CLANG_WARN_STRICT_PROTOTYPES = YES;
				CLANG_WARN_SUSPICIOUS_MOVE = YES;
				CLANG_WARN_UNGUARDED_AVAILABILITY = YES_AGGRESSIVE;
				CLANG_WARN_UNREACHABLE_CODE = YES;
				CLANG_WARN__DUPLICATE_METHOD_MATCH = YES;
				CODE_SIGN_IDENTITY = "iPhone Developer";
				COPY_PHASE_STRIP = NO;
				DEBUG_INFORMATION_FORMAT = "dwarf-with-dsym";
				ENABLE_NS_ASSERTIONS = NO;
				ENABLE_STRICT_OBJC_MSGSEND = YES;
				GCC_C_LANGUAGE_STANDARD = gnu11;
				GCC_NO_COMMON_BLOCKS = YES;
				GCC_WARN_64_TO_32_BIT_CONVERSION = YES;
				GCC_WARN_ABOUT_RETURN_TYPE = YES_ERROR;
				GCC_WARN_UNDECLARED_SELECTOR = YES;
				GCC_WARN_UNINITIALIZED_AUTOS = YES_AGGRESSIVE;
				GCC_WARN_UNUSED_FUNCTION = YES;
				GCC_WARN_UNUSED_VARIABLE = YES;
				IPHONEOS_DEPLOYMENT_TARGET = 11.1;
				MTL_ENABLE_DEBUG_INFO = NO;
				SDKROOT = iphoneos;
				SWIFT_OPTIMIZATION_LEVEL = "-Owholemodule";
				VALIDATE_PRODUCT = YES;
			};
			name = Release;
		};
		819E3E031FC0E236008953D1 /* Debug */ = {
			isa = XCBuildConfiguration;
			buildSettings = {
				ASSETCATALOG_COMPILER_APPICON_NAME = AppIcon;
				CODE_SIGN_STYLE = Automatic;
				DEVELOPMENT_TEAM = Z9ZVRCMY5W;
				INFOPLIST_FILE = bella_iOS/Info.plist;
				LD_RUNPATH_SEARCH_PATHS = "$(inherited) @executable_path/Frameworks";
				PRODUCT_BUNDLE_IDENTIFIER = "rz.bella-iOS";
				PRODUCT_NAME = "$(TARGET_NAME)";
				SWIFT_VERSION = 4.0;
				TARGETED_DEVICE_FAMILY = "1,2";
			};
			name = Debug;
		};
		819E3E041FC0E236008953D1 /* Release */ = {
			isa = XCBuildConfiguration;
			buildSettings = {
				ASSETCATALOG_COMPILER_APPICON_NAME = AppIcon;
				CODE_SIGN_STYLE = Automatic;
				DEVELOPMENT_TEAM = Z9ZVRCMY5W;
				INFOPLIST_FILE = bella_iOS/Info.plist;
				LD_RUNPATH_SEARCH_PATHS = "$(inherited) @executable_path/Frameworks";
				PRODUCT_BUNDLE_IDENTIFIER = "rz.bella-iOS";
				PRODUCT_NAME = "$(TARGET_NAME)";
				SWIFT_VERSION = 4.0;
				TARGETED_DEVICE_FAMILY = "1,2";
			};
			name = Release;
		};
		819E3E061FC0E236008953D1 /* Debug */ = {
			isa = XCBuildConfiguration;
			buildSettings = {
				ALWAYS_EMBED_SWIFT_STANDARD_LIBRARIES = YES;
				BUNDLE_LOADER = "$(TEST_HOST)";
				CODE_SIGN_STYLE = Automatic;
				DEVELOPMENT_TEAM = Z9ZVRCMY5W;
				INFOPLIST_FILE = bella_iOSTests/Info.plist;
				LD_RUNPATH_SEARCH_PATHS = "$(inherited) @executable_path/Frameworks @loader_path/Frameworks";
				PRODUCT_BUNDLE_IDENTIFIER = "rz.bella-iOSTests";
				PRODUCT_NAME = "$(TARGET_NAME)";
				SWIFT_VERSION = 4.0;
				TARGETED_DEVICE_FAMILY = "1,2";
				TEST_HOST = "$(BUILT_PRODUCTS_DIR)/bella_iOS.app/bella_iOS";
			};
			name = Debug;
		};
		819E3E071FC0E236008953D1 /* Release */ = {
			isa = XCBuildConfiguration;
			buildSettings = {
				ALWAYS_EMBED_SWIFT_STANDARD_LIBRARIES = YES;
				BUNDLE_LOADER = "$(TEST_HOST)";
				CODE_SIGN_STYLE = Automatic;
				DEVELOPMENT_TEAM = Z9ZVRCMY5W;
				INFOPLIST_FILE = bella_iOSTests/Info.plist;
				LD_RUNPATH_SEARCH_PATHS = "$(inherited) @executable_path/Frameworks @loader_path/Frameworks";
				PRODUCT_BUNDLE_IDENTIFIER = "rz.bella-iOSTests";
				PRODUCT_NAME = "$(TARGET_NAME)";
				SWIFT_VERSION = 4.0;
				TARGETED_DEVICE_FAMILY = "1,2";
				TEST_HOST = "$(BUILT_PRODUCTS_DIR)/bella_iOS.app/bella_iOS";
			};
			name = Release;
		};
		819E3E091FC0E236008953D1 /* Debug */ = {
			isa = XCBuildConfiguration;
			buildSettings = {
				ALWAYS_EMBED_SWIFT_STANDARD_LIBRARIES = YES;
				CODE_SIGN_STYLE = Automatic;
				DEVELOPMENT_TEAM = Z9ZVRCMY5W;
				INFOPLIST_FILE = bella_iOSUITests/Info.plist;
				LD_RUNPATH_SEARCH_PATHS = "$(inherited) @executable_path/Frameworks @loader_path/Frameworks";
				PRODUCT_BUNDLE_IDENTIFIER = "rz.bella-iOSUITests";
				PRODUCT_NAME = "$(TARGET_NAME)";
				SWIFT_VERSION = 4.0;
				TARGETED_DEVICE_FAMILY = "1,2";
				TEST_TARGET_NAME = bella_iOS;
			};
			name = Debug;
		};
		819E3E0A1FC0E236008953D1 /* Release */ = {
			isa = XCBuildConfiguration;
			buildSettings = {
				ALWAYS_EMBED_SWIFT_STANDARD_LIBRARIES = YES;
				CODE_SIGN_STYLE = Automatic;
				DEVELOPMENT_TEAM = Z9ZVRCMY5W;
				INFOPLIST_FILE = bella_iOSUITests/Info.plist;
				LD_RUNPATH_SEARCH_PATHS = "$(inherited) @executable_path/Frameworks @loader_path/Frameworks";
				PRODUCT_BUNDLE_IDENTIFIER = "rz.bella-iOSUITests";
				PRODUCT_NAME = "$(TARGET_NAME)";
				SWIFT_VERSION = 4.0;
				TARGETED_DEVICE_FAMILY = "1,2";
				TEST_TARGET_NAME = bella_iOS;
			};
			name = Release;
		};
/* End XCBuildConfiguration section */

/* Begin XCConfigurationList section */
		819E3DD51FC0E235008953D1 /* Build configuration list for PBXProject "bella_iOS" */ = {
			isa = XCConfigurationList;
			buildConfigurations = (
				819E3E001FC0E236008953D1 /* Debug */,
				819E3E011FC0E236008953D1 /* Release */,
			);
			defaultConfigurationIsVisible = 0;
			defaultConfigurationName = Release;
		};
		819E3E021FC0E236008953D1 /* Build configuration list for PBXNativeTarget "bella_iOS" */ = {
			isa = XCConfigurationList;
			buildConfigurations = (
				819E3E031FC0E236008953D1 /* Debug */,
				819E3E041FC0E236008953D1 /* Release */,
			);
			defaultConfigurationIsVisible = 0;
			defaultConfigurationName = Release;
		};
		819E3E051FC0E236008953D1 /* Build configuration list for PBXNativeTarget "bella_iOSTests" */ = {
			isa = XCConfigurationList;
			buildConfigurations = (
				819E3E061FC0E236008953D1 /* Debug */,
				819E3E071FC0E236008953D1 /* Release */,
			);
			defaultConfigurationIsVisible = 0;
			defaultConfigurationName = Release;
		};
		819E3E081FC0E236008953D1 /* Build configuration list for PBXNativeTarget "bella_iOSUITests" */ = {
			isa = XCConfigurationList;
			buildConfigurations = (
				819E3E091FC0E236008953D1 /* Debug */,
				819E3E0A1FC0E236008953D1 /* Release */,
			);
			defaultConfigurationIsVisible = 0;
			defaultConfigurationName = Release;
		};
/* End XCConfigurationList section */
	};
	rootObject = 819E3DD21FC0E235008953D1 /* Project object */;
}
